
Microsoft Visual Studio Solution File, Format Version 12.00
# Visual Studio Version 17
VisualStudioVersion = 17.8.34112.27
MinimumVisualStudioVersion = 10.0.40219.1
Project("{FAE04EC0-301F-11D3-BF4B-00C04F79EFBC}") = "TraversalCoreProje", "TraversalCoreProje\TraversalCoreProje.csproj", "{054B7062-76D5-4056-889A-2DFF2B5965A0}"
EndProject
Project("{FAE04EC0-301F-11D3-BF4B-00C04F79EFBC}") = "EntityLayer", "EntityLayer\EntityLayer.csproj", "{165A8707-C17E-4844-BB05-36E737DDDCF8}"
EndProject
Project("{FAE04EC0-301F-11D3-BF4B-00C04F79EFBC}") = "DataAccessLayer", "DataAccessLayer\DataAccessLayer.csproj", "{EA8F7E06-CE93-4972-BE3C-6CD686835EAA}"
EndProject
Project("{FAE04EC0-301F-11D3-BF4B-00C04F79EFBC}") = "BusinessLayer", "BusinessLayer\BusinessLayer.csproj", "{F42A75C9-ECFB-4131-87DB-BA2700C00237}"
EndProject
Global
	GlobalSection(SolutionConfigurationPlatforms) = preSolution
		Debug|Any CPU = Debug|Any CPU
		Release|Any CPU = Release|Any CPU
	EndGlobalSection
	GlobalSection(ProjectConfigurationPlatforms) = postSolution
		{054B7062-76D5-4056-889A-2DFF2B5965A0}.Debug|Any CPU.ActiveCfg = Debug|Any CPU
		{054B7062-76D5-4056-889A-2DFF2B5965A0}.Debug|Any CPU.Build.0 = Debug|Any CPU
		{054B7062-76D5-4056-889A-2DFF2B5965A0}.Release|Any CPU.ActiveCfg = Release|Any CPU
		{054B7062-76D5-4056-889A-2DFF2B5965A0}.Release|Any CPU.Build.0 = Release|Any CPU
		{165A8707-C17E-4844-BB05-36E737DDDCF8}.Debug|Any CPU.ActiveCfg = Debug|Any CPU
		{165A8707-C17E-4844-BB05-36E737DDDCF8}.Debug|Any CPU.Build.0 = Debug|Any CPU
		{165A8707-C17E-4844-BB05-36E737DDDCF8}.Release|Any CPU.ActiveCfg = Release|Any CPU
		{165A8707-C17E-4844-BB05-36E737DDDCF8}.Release|Any CPU.Build.0 = Release|Any CPU
		{EA8F7E06-CE93-4972-BE3C-6CD686835EAA}.Debug|Any CPU.ActiveCfg = Debug|Any CPU
		{EA8F7E06-CE93-4972-BE3C-6CD686835EAA}.Debug|Any CPU.Build.0 = Debug|Any CPU
		{EA8F7E06-CE93-4972-BE3C-6CD686835EAA}.Release|Any CPU.ActiveCfg = Release|Any CPU
		{EA8F7E06-CE93-4972-BE3C-6CD686835EAA}.Release|Any CPU.Build.0 = Release|Any CPU
		{F42A75C9-ECFB-4131-87DB-BA2700C00237}.Debug|Any CPU.ActiveCfg = Debug|Any CPU
		{F42A75C9-ECFB-4131-87DB-BA2700C00237}.Debug|Any CPU.Build.0 = Debug|Any CPU
		{F42A75C9-ECFB-4131-87DB-BA2700C00237}.Release|Any CPU.ActiveCfg = Release|Any CPU
		{F42A75C9-ECFB-4131-87DB-BA2700C00237}.Release|Any CPU.Build.0 = Release|Any CPU
	EndGlobalSection
	GlobalSection(SolutionProperties) = preSolution
		HideSolutionNode = FALSE
	EndGlobalSection
	GlobalSection(ExtensibilityGlobals) = postSolution
		SolutionGuid = {4F2C3416-DFDC-4EFC-A86F-596C36D1435B}
	EndGlobalSection
EndGlobal
